
Microsoft Visual Studio Solution File, Format Version 12.00
# Visual Studio Version 17
VisualStudioVersion = 17.2.32630.192
MinimumVisualStudioVersion = 10.0.40219.1
Project("{2150E333-8FDC-42A3-9474-1A3956D46DE8}") = "Enterprise Business Rules", "Enterprise Business Rules", "{65883306-2E02-4269-BE1B-E60CC70404F8}"
EndProject
Project("{9A19103F-16F7-4668-BE54-9A1E7A4F7556}") = "Shopping.Entities", "Shopping.Entities\Shopping.Entities.csproj", "{EE6C0B75-E784-48DA-9470-F0DC4AAFCB83}"
EndProject
Project("{2150E333-8FDC-42A3-9474-1A3956D46DE8}") = "Interface Adapters", "Interface Adapters", "{23BC33EA-2EB2-40A5-8EDF-73AABF06A232}"
EndProject
Project("{2150E333-8FDC-42A3-9474-1A3956D46DE8}") = "Gateways", "Gateways", "{0E7D505D-E8CA-456E-9403-7D111D210647}"
EndProject
Project("{9A19103F-16F7-4668-BE54-9A1E7A4F7556}") = "Shopping.RepositoryEFCore", "Shopping.RepositoryEFCore\Shopping.RepositoryEFCore.csproj", "{8A0AB78E-31EA-4A28-97B9-7E78A2F8165D}"
EndProject
Project("{2150E333-8FDC-42A3-9474-1A3956D46DE8}") = "Application Business Rules", "Application Business Rules", "{BC9CAE52-E84B-4AE0-AB3B-A5A810014D19}"
EndProject
Project("{9A19103F-16F7-4668-BE54-9A1E7A4F7556}") = "Shopping.DTOs", "Shopping.DTOs\Shopping.DTOs.csproj", "{44960E7D-EE25-4235-A3E4-F16CFC3FD040}"
EndProject
Project("{9A19103F-16F7-4668-BE54-9A1E7A4F7556}") = "Shopping.UseCasesPorts", "Shopping.UseCasesPorts\Shopping.UseCasesPorts.csproj", "{53976684-7F15-4425-99AF-C7DD49143212}"
EndProject
Project("{9A19103F-16F7-4668-BE54-9A1E7A4F7556}") = "Shopping.UseCases", "Shopping.UseCases\Shopping.UseCases.csproj", "{1700680D-75BF-4816-A409-75E25E92BFD8}"
EndProject
Project("{2150E333-8FDC-42A3-9474-1A3956D46DE8}") = "Presenters", "Presenters", "{9A638609-579F-4C36-9BD7-1864749060A9}"
EndProject
Project("{FAE04EC0-301F-11D3-BF4B-00C04F79EFBC}") = "Shopping.Presenter", "Shopping.Presenter\Shopping.Presenter.csproj", "{C7EC79EB-7CA6-4107-A841-8B293DB2F1AA}"
EndProject
Project("{2150E333-8FDC-42A3-9474-1A3956D46DE8}") = "Controllers", "Controllers", "{B7021064-28EA-45C5-913F-4BA20B95E446}"
EndProject
Project("{FAE04EC0-301F-11D3-BF4B-00C04F79EFBC}") = "Shopping.Controllers", "Shopping.Controllers\Shopping.Controllers.csproj", "{2CC6AD41-1418-4A32-8D08-9F7C52BF0A40}"
EndProject
Project("{FAE04EC0-301F-11D3-BF4B-00C04F79EFBC}") = "Shopping.IoC", "Shopping.IoC\Shopping.IoC.csproj", "{DC59B4A5-4831-487C-B69C-7EAEC3B65DC1}"
EndProject
Project("{2150E333-8FDC-42A3-9474-1A3956D46DE8}") = "Frameworks And Drivers", "Frameworks And Drivers", "{45F77EDA-2EBD-4A2E-82F0-32B5D5A13EDC}"
EndProject
Project("{FAE04EC0-301F-11D3-BF4B-00C04F79EFBC}") = "Shopping.API", "Shopping.API\Shopping.API.csproj", "{C76054D2-4128-4BA1-9AC3-82DC3907E895}"
EndProject
Global
	GlobalSection(SolutionConfigurationPlatforms) = preSolution
		Debug|Any CPU = Debug|Any CPU
		Release|Any CPU = Release|Any CPU
	EndGlobalSection
	GlobalSection(ProjectConfigurationPlatforms) = postSolution
		{EE6C0B75-E784-48DA-9470-F0DC4AAFCB83}.Debug|Any CPU.ActiveCfg = Debug|Any CPU
		{EE6C0B75-E784-48DA-9470-F0DC4AAFCB83}.Debug|Any CPU.Build.0 = Debug|Any CPU
		{EE6C0B75-E784-48DA-9470-F0DC4AAFCB83}.Release|Any CPU.ActiveCfg = Release|Any CPU
		{EE6C0B75-E784-48DA-9470-F0DC4AAFCB83}.Release|Any CPU.Build.0 = Release|Any CPU
		{8A0AB78E-31EA-4A28-97B9-7E78A2F8165D}.Debug|Any CPU.ActiveCfg = Debug|Any CPU
		{8A0AB78E-31EA-4A28-97B9-7E78A2F8165D}.Debug|Any CPU.Build.0 = Debug|Any CPU
		{8A0AB78E-31EA-4A28-97B9-7E78A2F8165D}.Release|Any CPU.ActiveCfg = Release|Any CPU
		{8A0AB78E-31EA-4A28-97B9-7E78A2F8165D}.Release|Any CPU.Build.0 = Release|Any CPU
		{44960E7D-EE25-4235-A3E4-F16CFC3FD040}.Debug|Any CPU.ActiveCfg = Debug|Any CPU
		{44960E7D-EE25-4235-A3E4-F16CFC3FD040}.Debug|Any CPU.Build.0 = Debug|Any CPU
		{44960E7D-EE25-4235-A3E4-F16CFC3FD040}.Release|Any CPU.ActiveCfg = Release|Any CPU
		{44960E7D-EE25-4235-A3E4-F16CFC3FD040}.Release|Any CPU.Build.0 = Release|Any CPU
		{53976684-7F15-4425-99AF-C7DD49143212}.Debug|Any CPU.ActiveCfg = Debug|Any CPU
		{53976684-7F15-4425-99AF-C7DD49143212}.Debug|Any CPU.Build.0 = Debug|Any CPU
		{53976684-7F15-4425-99AF-C7DD49143212}.Release|Any CPU.ActiveCfg = Release|Any CPU
		{53976684-7F15-4425-99AF-C7DD49143212}.Release|Any CPU.Build.0 = Release|Any CPU
		{1700680D-75BF-4816-A409-75E25E92BFD8}.Debug|Any CPU.ActiveCfg = Debug|Any CPU
		{1700680D-75BF-4816-A409-75E25E92BFD8}.Debug|Any CPU.Build.0 = Debug|Any CPU
		{1700680D-75BF-4816-A409-75E25E92BFD8}.Release|Any CPU.ActiveCfg = Release|Any CPU
		{1700680D-75BF-4816-A409-75E25E92BFD8}.Release|Any CPU.Build.0 = Release|Any CPU
		{C7EC79EB-7CA6-4107-A841-8B293DB2F1AA}.Debug|Any CPU.ActiveCfg = Debug|Any CPU
		{C7EC79EB-7CA6-4107-A841-8B293DB2F1AA}.Debug|Any CPU.Build.0 = Debug|Any CPU
		{C7EC79EB-7CA6-4107-A841-8B293DB2F1AA}.Release|Any CPU.ActiveCfg = Release|Any CPU
		{C7EC79EB-7CA6-4107-A841-8B293DB2F1AA}.Release|Any CPU.Build.0 = Release|Any CPU
		{2CC6AD41-1418-4A32-8D08-9F7C52BF0A40}.Debug|Any CPU.ActiveCfg = Debug|Any CPU
		{2CC6AD41-1418-4A32-8D08-9F7C52BF0A40}.Debug|Any CPU.Build.0 = Debug|Any CPU
		{2CC6AD41-1418-4A32-8D08-9F7C52BF0A40}.Release|Any CPU.ActiveCfg = Release|Any CPU
		{2CC6AD41-1418-4A32-8D08-9F7C52BF0A40}.Release|Any CPU.Build.0 = Release|Any CPU
		{DC59B4A5-4831-487C-B69C-7EAEC3B65DC1}.Debug|Any CPU.ActiveCfg = Debug|Any CPU
		{DC59B4A5-4831-487C-B69C-7EAEC3B65DC1}.Debug|Any CPU.Build.0 = Debug|Any CPU
		{DC59B4A5-4831-487C-B69C-7EAEC3B65DC1}.Release|Any CPU.ActiveCfg = Release|Any CPU
		{DC59B4A5-4831-487C-B69C-7EAEC3B65DC1}.Release|Any CPU.Build.0 = Release|Any CPU
		{C76054D2-4128-4BA1-9AC3-82DC3907E895}.Debug|Any CPU.ActiveCfg = Debug|Any CPU
		{C76054D2-4128-4BA1-9AC3-82DC3907E895}.Debug|Any CPU.Build.0 = Debug|Any CPU
		{C76054D2-4128-4BA1-9AC3-82DC3907E895}.Release|Any CPU.ActiveCfg = Release|Any CPU
		{C76054D2-4128-4BA1-9AC3-82DC3907E895}.Release|Any CPU.Build.0 = Release|Any CPU
	EndGlobalSection
	GlobalSection(SolutionProperties) = preSolution
		HideSolutionNode = FALSE
	EndGlobalSection
	GlobalSection(NestedProjects) = preSolution
		{EE6C0B75-E784-48DA-9470-F0DC4AAFCB83} = {65883306-2E02-4269-BE1B-E60CC70404F8}
		{0E7D505D-E8CA-456E-9403-7D111D210647} = {23BC33EA-2EB2-40A5-8EDF-73AABF06A232}
		{8A0AB78E-31EA-4A28-97B9-7E78A2F8165D} = {0E7D505D-E8CA-456E-9403-7D111D210647}
		{44960E7D-EE25-4235-A3E4-F16CFC3FD040} = {BC9CAE52-E84B-4AE0-AB3B-A5A810014D19}
		{53976684-7F15-4425-99AF-C7DD49143212} = {BC9CAE52-E84B-4AE0-AB3B-A5A810014D19}
		{1700680D-75BF-4816-A409-75E25E92BFD8} = {BC9CAE52-E84B-4AE0-AB3B-A5A810014D19}
		{9A638609-579F-4C36-9BD7-1864749060A9} = {23BC33EA-2EB2-40A5-8EDF-73AABF06A232}
		{C7EC79EB-7CA6-4107-A841-8B293DB2F1AA} = {9A638609-579F-4C36-9BD7-1864749060A9}
		{B7021064-28EA-45C5-913F-4BA20B95E446} = {23BC33EA-2EB2-40A5-8EDF-73AABF06A232}
		{2CC6AD41-1418-4A32-8D08-9F7C52BF0A40} = {B7021064-28EA-45C5-913F-4BA20B95E446}
		{DC59B4A5-4831-487C-B69C-7EAEC3B65DC1} = {0E7D505D-E8CA-456E-9403-7D111D210647}
		{C76054D2-4128-4BA1-9AC3-82DC3907E895} = {45F77EDA-2EBD-4A2E-82F0-32B5D5A13EDC}
	EndGlobalSection
	GlobalSection(ExtensibilityGlobals) = postSolution
		SolutionGuid = {9BA3F23E-C745-409A-A4B4-E9C125311920}
	EndGlobalSection
EndGlobal
